
Microsoft Visual Studio Solution File, Format Version 12.00
# Visual Studio Version 16
VisualStudioVersion = 16.0.32407.337
MinimumVisualStudioVersion = 10.0.40219.1
Project("{FAE04EC0-301F-11D3-BF4B-00C04F79EFBC}") = "TP03", "TP03\TP03.csproj", "{C0EF31D4-6DE4-45EE-BA0A-27BBB06F6068}"
EndProject
Global
	GlobalSection(SolutionConfigurationPlatforms) = preSolution
		Debug|Any CPU = Debug|Any CPU
		Release|Any CPU = Release|Any CPU
	EndGlobalSection
	GlobalSection(ProjectConfigurationPlatforms) = postSolution
		{C0EF31D4-6DE4-45EE-BA0A-27BBB06F6068}.Debug|Any CPU.ActiveCfg = Debug|Any CPU
		{C0EF31D4-6DE4-45EE-BA0A-27BBB06F6068}.Debug|Any CPU.Build.0 = Debug|Any CPU
		{C0EF31D4-6DE4-45EE-BA0A-27BBB06F6068}.Release|Any CPU.ActiveCfg = Release|Any CPU
		{C0EF31D4-6DE4-45EE-BA0A-27BBB06F6068}.Release|Any CPU.Build.0 = Release|Any CPU
	EndGlobalSection
	GlobalSection(SolutionProperties) = preSolution
		HideSolutionNode = FALSE
	EndGlobalSection
	GlobalSection(ExtensibilityGlobals) = postSolution
		SolutionGuid = {A5263529-3732-4B42-BB0D-A7954DB65239}
	EndGlobalSection
EndGlobal
